{
  "version": 4,
  "terraform_version": "1.7.4",
  "serial": 25,
  "lineage": "50259798-f6e4-b653-bf9f-0189f9ead3a3",
  "outputs": {
    "address_space": {
      "value": [
        "10.0.0.0/16"
      ],
      "type": [
        "list",
        "string"
      ]
    },
    "linux_FQDN": {
      "value": [
        "n01603642-c-vm1.canadacentral.cloudapp.azure.com",
        "n01603642-c-vm2.canadacentral.cloudapp.azure.com"
      ],
      "type": [
        "tuple",
        [
          "string",
          "string"
        ]
      ]
    },
    "linux_availability_set": {
      "value": "linux_avs",
      "type": "string"
    },
    "linux_hostname": {
      "value": [
        "n01603642-c-vm1",
        "n01603642-c-vm2"
      ],
      "type": [
        "tuple",
        [
          "string",
          "string"
        ]
      ]
    },
    "linux_private_ip_address": {
      "value": [
        "10.0.0.4",
        "10.0.0.5"
      ],
      "type": [
        "tuple",
        [
          "string",
          "string"
        ]
      ]
    },
    "linux_public_ip_address": {
      "value": [
        "52.233.6.68",
        "52.228.46.154"
      ],
      "type": [
        "tuple",
        [
          "string",
          "string"
        ]
      ]
    },
    "linux_rg": {
      "value": "linux-rg",
      "type": "string"
    },
    "location": {
      "value": "canadacentral",
      "type": "string"
    },
    "network_nsg1_name": {
      "value": "network-nsg1",
      "type": "string"
    },
    "network_nsg2_name": {
      "value": "network-nsg2",
      "type": "string"
    },
    "network_rg": {
      "value": "network-rg",
      "type": "string"
    },
    "subnet1_address": {
      "value": [
        "10.0.0.0/24"
      ],
      "type": [
        "list",
        "string"
      ]
    },
    "subnet1_name": {
      "value": "network-subnet1",
      "type": "string"
    },
    "subnet2_address": {
      "value": [
        "10.0.1.0/24"
      ],
      "type": [
        "list",
        "string"
      ]
    },
    "subnet2_name": {
      "value": "network-subnet2",
      "type": "string"
    },
    "virtual_network_name": {
      "value": "network-vnet",
      "type": "string"
    },
    "windows_FQDN": {
      "value": [
        "n01603642-w-vm1.canadacentral.cloudapp.azure.com"
      ],
      "type": [
        "tuple",
        [
          "string"
        ]
      ]
    },
    "windows_availability_set": {
      "value": "windows_avs",
      "type": "string"
    },
    "windows_hostnames": {
      "value": [
        "n01603642-w-vm1"
      ],
      "type": [
        "tuple",
        [
          "string"
        ]
      ]
    },
    "windows_private_ip_address": {
      "value": [
        "10.0.1.4"
      ],
      "type": [
        "tuple",
        [
          "string"
        ]
      ]
    },
    "windows_public_ip_address": {
      "value": [
        "52.228.18.60"
      ],
      "type": [
        "tuple",
        [
          "string"
        ]
      ]
    },
    "windows_rg": {
      "value": "windows-rg",
      "type": "string"
    }
  },
  "resources": [
    {
      "module": "module.linux",
      "mode": "managed",
      "type": "azurerm_availability_set",
      "name": "linux_avs",
      "provider": "provider[\"registry.terraform.io/hashicorp/azurerm\"]",
      "instances": [
        {
          "schema_version": 0,
          "attributes": {
            "id": "/subscriptions/cc5410f6-a653-4888-8148-84d64421a390/resourceGroups/linux-rg/providers/Microsoft.Compute/availabilitySets/linux_avs",
            "location": "canadacentral",
            "managed": true,
            "name": "linux_avs",
            "platform_fault_domain_count": 2,
            "platform_update_domain_count": 5,
            "proximity_placement_group_id": null,
            "resource_group_name": "linux-rg",
            "tags": null,
            "timeouts": null
          },
          "sensitive_attributes": [],
          "private": "eyJlMmJmYjczMC1lY2FhLTExZTYtOGY4OC0zNDM2M2JjN2M0YzAiOnsiY3JlYXRlIjoxODAwMDAwMDAwMDAwLCJkZWxldGUiOjE4MDAwMDAwMDAwMDAsInJlYWQiOjMwMDAwMDAwMDAwMCwidXBkYXRlIjoxODAwMDAwMDAwMDAwfX0=",
          "dependencies": [
            "module.resource_groups.azurerm_resource_group.linux-rg",
            "module.resource_groups.azurerm_resource_group.network-rg"
          ]
        }
      ]
    },
    {
      "module": "module.linux",
      "mode": "managed",
      "type": "azurerm_linux_virtual_machine",
      "name": "linux-vm",
      "provider": "provider[\"registry.terraform.io/hashicorp/azurerm\"]",
      "instances": [
        {
          "index_key": 0,
          "schema_version": 0,
          "attributes": {
            "additional_capabilities": [],
            "admin_password": null,
            "admin_ssh_key": [
              {
                "public_key": "ssh-rsa AAAAB3NzaC1yc2EAAAADAQABAAABgQC0Qi14eokqCsi2e8VZf0sXMlclfZiWpGFqjp/bgg7KzUBMqBpsCvOsSgmV4oyvlQubiHylSNOqbq53VguyoRqc2mg5PzDqDKsP0EIuyrMLPGNNBZL8VQMLKc2bCU6SbF2rYYfI1/8Et2gJlBYD8Z4IDqAhh+tBGCUWxN2LUSu+0ZE5qHYUQbk9gnowZvY8rpquJ1yrDLwvyiHgrjqrLDcaLc7vAxMiAO3ui5T0U7pmfaOuKTCq1kd4Vsjen7yM/XO9IqzNWs32dyqhqqbovh0mITd6bEMSDuXUXYbltwMTmBiROmtJH6rzfManBBJwv+PKe+QMl3WIrJ1qM0iqZxI0vzIpPQk8+PRf3agGX/5vH++1MoNCQCjyQwLeLsNbx8o744oAEFkJ21RJu/kyCaYB1e9wBk+ySN5PfTUuYuj/zfZ2Ihd+g37de7j/FlqPfN6mwvx34AMzHB8ubg2ImyBIdirunYsUUr85XDCbpms9UJoAQbzLxqgd4tYDrqnGDms= divya@divyas-mbp.lan\n",
                "username": "linuxadmin"
              }
            ],
            "admin_username": "linuxadmin",
            "allow_extension_operations": true,
            "availability_set_id": "",
            "boot_diagnostics": [],
            "bypass_platform_safety_checks_on_user_schedule_enabled": false,
            "capacity_reservation_group_id": "",
            "computer_name": "n01603642-c-vm1",
            "custom_data": null,
            "dedicated_host_group_id": "",
            "dedicated_host_id": "",
            "disable_password_authentication": true,
            "edge_zone": "",
            "encryption_at_host_enabled": false,
            "eviction_policy": "",
            "extensions_time_budget": "PT1H30M",
            "gallery_application": [],
            "id": "/subscriptions/cc5410f6-a653-4888-8148-84d64421a390/resourceGroups/linux-rg/providers/Microsoft.Compute/virtualMachines/n01603642-c-vm1",
            "identity": [],
            "license_type": "",
            "location": "canadacentral",
            "max_bid_price": -1,
            "name": "n01603642-c-vm1",
            "network_interface_ids": [
              "/subscriptions/cc5410f6-a653-4888-8148-84d64421a390/resourceGroups/linux-rg/providers/Microsoft.Network/networkInterfaces/n01603642-c-vm-nic2"
            ],
            "os_disk": [
              {
                "caching": "ReadWrite",
                "diff_disk_settings": [],
                "disk_encryption_set_id": "",
                "disk_size_gb": 32,
                "name": "n01603642-c-vm-os-disk1",
                "secure_vm_disk_encryption_set_id": "",
                "security_encryption_type": "",
                "storage_account_type": "Premium_LRS",
                "write_accelerator_enabled": false
              }
            ],
            "patch_assessment_mode": "ImageDefault",
            "patch_mode": "ImageDefault",
            "plan": [],
            "platform_fault_domain": -1,
            "priority": "Regular",
            "private_ip_address": "10.0.0.5",
            "private_ip_addresses": [
              "10.0.0.5"
            ],
            "provision_vm_agent": true,
            "proximity_placement_group_id": "",
            "public_ip_address": "52.233.6.68",
            "public_ip_addresses": [
              "52.233.6.68"
            ],
            "reboot_setting": "",
            "resource_group_name": "linux-rg",
            "secret": [],
            "secure_boot_enabled": false,
            "size": "Standard_B1s",
            "source_image_id": "",
            "source_image_reference": [
              {
                "offer": "CentOS",
                "publisher": "OpenLogic",
                "sku": "8_2",
                "version": "latest"
              }
            ],
            "tags": {
              "ContactEmail": "n01603642@humber.ca",
              "Environment": "Lab",
              "Name": "Terraform-Class",
              "Project": "Learning"
            },
            "termination_notification": null,
            "timeouts": null,
            "user_data": "",
            "virtual_machine_id": "10044ee2-e72f-4d20-ae5d-247ad5956d98",
            "virtual_machine_scale_set_id": "",
            "vtpm_enabled": false,
            "zone": ""
          },
          "sensitive_attributes": [],
          "private": "eyJlMmJmYjczMC1lY2FhLTExZTYtOGY4OC0zNDM2M2JjN2M0YzAiOnsiY3JlYXRlIjoyNzAwMDAwMDAwMDAwLCJkZWxldGUiOjI3MDAwMDAwMDAwMDAsInJlYWQiOjMwMDAwMDAwMDAwMCwidXBkYXRlIjoyNzAwMDAwMDAwMDAwfX0=",
          "dependencies": [
            "module.linux.azurerm_network_interface.linux-nic",
            "module.linux.azurerm_public_ip.linux-pip",
            "module.networks.azurerm_subnet.network-subnet1",
            "module.networks.azurerm_virtual_network.network-vnet",
            "module.resource_groups.azurerm_resource_group.linux-rg",
            "module.resource_groups.azurerm_resource_group.network-rg"
          ]
        },
        {
          "index_key": 1,
          "schema_version": 0,
          "attributes": {
            "additional_capabilities": [],
            "admin_password": null,
            "admin_ssh_key": [
              {
                "public_key": "ssh-rsa AAAAB3NzaC1yc2EAAAADAQABAAABgQC0Qi14eokqCsi2e8VZf0sXMlclfZiWpGFqjp/bgg7KzUBMqBpsCvOsSgmV4oyvlQubiHylSNOqbq53VguyoRqc2mg5PzDqDKsP0EIuyrMLPGNNBZL8VQMLKc2bCU6SbF2rYYfI1/8Et2gJlBYD8Z4IDqAhh+tBGCUWxN2LUSu+0ZE5qHYUQbk9gnowZvY8rpquJ1yrDLwvyiHgrjqrLDcaLc7vAxMiAO3ui5T0U7pmfaOuKTCq1kd4Vsjen7yM/XO9IqzNWs32dyqhqqbovh0mITd6bEMSDuXUXYbltwMTmBiROmtJH6rzfManBBJwv+PKe+QMl3WIrJ1qM0iqZxI0vzIpPQk8+PRf3agGX/5vH++1MoNCQCjyQwLeLsNbx8o744oAEFkJ21RJu/kyCaYB1e9wBk+ySN5PfTUuYuj/zfZ2Ihd+g37de7j/FlqPfN6mwvx34AMzHB8ubg2ImyBIdirunYsUUr85XDCbpms9UJoAQbzLxqgd4tYDrqnGDms= divya@divyas-mbp.lan\n",
                "username": "linuxadmin"
              }
            ],
            "admin_username": "linuxadmin",
            "allow_extension_operations": true,
            "availability_set_id": "",
            "boot_diagnostics": [],
            "bypass_platform_safety_checks_on_user_schedule_enabled": false,
            "capacity_reservation_group_id": "",
            "computer_name": "n01603642-c-vm2",
            "custom_data": null,
            "dedicated_host_group_id": "",
            "dedicated_host_id": "",
            "disable_password_authentication": true,
            "edge_zone": "",
            "encryption_at_host_enabled": false,
            "eviction_policy": "",
            "extensions_time_budget": "PT1H30M",
            "gallery_application": [],
            "id": "/subscriptions/cc5410f6-a653-4888-8148-84d64421a390/resourceGroups/linux-rg/providers/Microsoft.Compute/virtualMachines/n01603642-c-vm2",
            "identity": [],
            "license_type": "",
            "location": "canadacentral",
            "max_bid_price": -1,
            "name": "n01603642-c-vm2",
            "network_interface_ids": [
              "/subscriptions/cc5410f6-a653-4888-8148-84d64421a390/resourceGroups/linux-rg/providers/Microsoft.Network/networkInterfaces/n01603642-c-vm-nic1"
            ],
            "os_disk": [
              {
                "caching": "ReadWrite",
                "diff_disk_settings": [],
                "disk_encryption_set_id": "",
                "disk_size_gb": 32,
                "name": "n01603642-c-vm-os-disk2",
                "secure_vm_disk_encryption_set_id": "",
                "security_encryption_type": "",
                "storage_account_type": "Premium_LRS",
                "write_accelerator_enabled": false
              }
            ],
            "patch_assessment_mode": "ImageDefault",
            "patch_mode": "ImageDefault",
            "plan": [],
            "platform_fault_domain": -1,
            "priority": "Regular",
            "private_ip_address": "10.0.0.4",
            "private_ip_addresses": [
              "10.0.0.4"
            ],
            "provision_vm_agent": true,
            "proximity_placement_group_id": "",
            "public_ip_address": "52.228.46.154",
            "public_ip_addresses": [
              "52.228.46.154"
            ],
            "reboot_setting": "",
            "resource_group_name": "linux-rg",
            "secret": [],
            "secure_boot_enabled": false,
            "size": "Standard_B1s",
            "source_image_id": "",
            "source_image_reference": [
              {
                "offer": "CentOS",
                "publisher": "OpenLogic",
                "sku": "8_2",
                "version": "latest"
              }
            ],
            "tags": {
              "ContactEmail": "n01603642@humber.ca",
              "Environment": "Lab",
              "Name": "Terraform-Class",
              "Project": "Learning"
            },
            "termination_notification": null,
            "timeouts": null,
            "user_data": "",
            "virtual_machine_id": "d0e677d4-e300-4691-af97-8fbd57a7f550",
            "virtual_machine_scale_set_id": "",
            "vtpm_enabled": false,
            "zone": ""
          },
          "sensitive_attributes": [],
          "private": "eyJlMmJmYjczMC1lY2FhLTExZTYtOGY4OC0zNDM2M2JjN2M0YzAiOnsiY3JlYXRlIjoyNzAwMDAwMDAwMDAwLCJkZWxldGUiOjI3MDAwMDAwMDAwMDAsInJlYWQiOjMwMDAwMDAwMDAwMCwidXBkYXRlIjoyNzAwMDAwMDAwMDAwfX0=",
          "dependencies": [
            "module.linux.azurerm_network_interface.linux-nic",
            "module.linux.azurerm_public_ip.linux-pip",
            "module.networks.azurerm_subnet.network-subnet1",
            "module.networks.azurerm_virtual_network.network-vnet",
            "module.resource_groups.azurerm_resource_group.linux-rg",
            "module.resource_groups.azurerm_resource_group.network-rg"
          ]
        }
      ]
    },
    {
      "module": "module.linux",
      "mode": "managed",
      "type": "azurerm_network_interface",
      "name": "linux-nic",
      "provider": "provider[\"registry.terraform.io/hashicorp/azurerm\"]",
      "instances": [
        {
          "index_key": 0,
          "schema_version": 0,
          "attributes": {
            "applied_dns_servers": [],
            "auxiliary_mode": "",
            "auxiliary_sku": "",
            "dns_servers": [],
            "edge_zone": "",
            "enable_accelerated_networking": false,
            "enable_ip_forwarding": false,
            "id": "/subscriptions/cc5410f6-a653-4888-8148-84d64421a390/resourceGroups/linux-rg/providers/Microsoft.Network/networkInterfaces/n01603642-c-vm-nic1",
            "internal_dns_name_label": "",
            "internal_domain_name_suffix": "0hg4cfinjkzu5fdd4s5c0qlg3g.ux.internal.cloudapp.net",
            "ip_configuration": [
              {
                "gateway_load_balancer_frontend_ip_configuration_id": "",
                "name": "n01603642-c-vm-ipconfig1",
                "primary": true,
                "private_ip_address": "10.0.0.4",
                "private_ip_address_allocation": "Dynamic",
                "private_ip_address_version": "IPv4",
                "public_ip_address_id": "/subscriptions/cc5410f6-a653-4888-8148-84d64421a390/resourceGroups/linux-rg/providers/Microsoft.Network/publicIPAddresses/n01603642-c-vm-pip2",
                "subnet_id": "/subscriptions/cc5410f6-a653-4888-8148-84d64421a390/resourceGroups/network-rg/providers/Microsoft.Network/virtualNetworks/network-vnet/subnets/network-subnet1"
              }
            ],
            "location": "canadacentral",
            "mac_address": "",
            "name": "n01603642-c-vm-nic1",
            "private_ip_address": "10.0.0.4",
            "private_ip_addresses": [
              "10.0.0.4"
            ],
            "resource_group_name": "linux-rg",
            "tags": {
              "ContactEmail": "n01603642@humber.ca",
              "Environment": "Lab",
              "Name": "Terraform-Class",
              "Project": "Learning"
            },
            "timeouts": null,
            "virtual_machine_id": ""
          },
          "sensitive_attributes": [],
          "private": "eyJlMmJmYjczMC1lY2FhLTExZTYtOGY4OC0zNDM2M2JjN2M0YzAiOnsiY3JlYXRlIjoxODAwMDAwMDAwMDAwLCJkZWxldGUiOjE4MDAwMDAwMDAwMDAsInJlYWQiOjMwMDAwMDAwMDAwMCwidXBkYXRlIjoxODAwMDAwMDAwMDAwfX0=",
          "dependencies": [
            "module.linux.azurerm_public_ip.linux-pip",
            "module.networks.azurerm_subnet.network-subnet1",
            "module.networks.azurerm_virtual_network.network-vnet",
            "module.resource_groups.azurerm_resource_group.linux-rg",
            "module.resource_groups.azurerm_resource_group.network-rg"
          ]
        },
        {
          "index_key": 1,
          "schema_version": 0,
          "attributes": {
            "applied_dns_servers": [],
            "auxiliary_mode": "",
            "auxiliary_sku": "",
            "dns_servers": [],
            "edge_zone": "",
            "enable_accelerated_networking": false,
            "enable_ip_forwarding": false,
            "id": "/subscriptions/cc5410f6-a653-4888-8148-84d64421a390/resourceGroups/linux-rg/providers/Microsoft.Network/networkInterfaces/n01603642-c-vm-nic2",
            "internal_dns_name_label": "",
            "internal_domain_name_suffix": "0hg4cfinjkzu5fdd4s5c0qlg3g.ux.internal.cloudapp.net",
            "ip_configuration": [
              {
                "gateway_load_balancer_frontend_ip_configuration_id": "",
                "name": "n01603642-c-vm-ipconfig2",
                "primary": true,
                "private_ip_address": "10.0.0.5",
                "private_ip_address_allocation": "Dynamic",
                "private_ip_address_version": "IPv4",
                "public_ip_address_id": "/subscriptions/cc5410f6-a653-4888-8148-84d64421a390/resourceGroups/linux-rg/providers/Microsoft.Network/publicIPAddresses/n01603642-c-vm-pip1",
                "subnet_id": "/subscriptions/cc5410f6-a653-4888-8148-84d64421a390/resourceGroups/network-rg/providers/Microsoft.Network/virtualNetworks/network-vnet/subnets/network-subnet1"
              }
            ],
            "location": "canadacentral",
            "mac_address": "",
            "name": "n01603642-c-vm-nic2",
            "private_ip_address": "10.0.0.5",
            "private_ip_addresses": [
              "10.0.0.5"
            ],
            "resource_group_name": "linux-rg",
            "tags": {
              "ContactEmail": "n01603642@humber.ca",
              "Environment": "Lab",
              "Name": "Terraform-Class",
              "Project": "Learning"
            },
            "timeouts": null,
            "virtual_machine_id": ""
          },
          "sensitive_attributes": [],
          "private": "eyJlMmJmYjczMC1lY2FhLTExZTYtOGY4OC0zNDM2M2JjN2M0YzAiOnsiY3JlYXRlIjoxODAwMDAwMDAwMDAwLCJkZWxldGUiOjE4MDAwMDAwMDAwMDAsInJlYWQiOjMwMDAwMDAwMDAwMCwidXBkYXRlIjoxODAwMDAwMDAwMDAwfX0=",
          "dependencies": [
            "module.linux.azurerm_public_ip.linux-pip",
            "module.networks.azurerm_subnet.network-subnet1",
            "module.networks.azurerm_virtual_network.network-vnet",
            "module.resource_groups.azurerm_resource_group.linux-rg",
            "module.resource_groups.azurerm_resource_group.network-rg"
          ]
        }
      ]
    },
    {
      "module": "module.linux",
      "mode": "managed",
      "type": "azurerm_public_ip",
      "name": "linux-pip",
      "provider": "provider[\"registry.terraform.io/hashicorp/azurerm\"]",
      "instances": [
        {
          "index_key": 0,
          "schema_version": 0,
          "attributes": {
            "allocation_method": "Dynamic",
            "ddos_protection_mode": "VirtualNetworkInherited",
            "ddos_protection_plan_id": null,
            "domain_name_label": "n01603642-c-vm1",
            "edge_zone": "",
            "fqdn": "n01603642-c-vm1.canadacentral.cloudapp.azure.com",
            "id": "/subscriptions/cc5410f6-a653-4888-8148-84d64421a390/resourceGroups/linux-rg/providers/Microsoft.Network/publicIPAddresses/n01603642-c-vm-pip1",
            "idle_timeout_in_minutes": 4,
            "ip_address": "",
            "ip_tags": null,
            "ip_version": "IPv4",
            "location": "canadacentral",
            "name": "n01603642-c-vm-pip1",
            "public_ip_prefix_id": null,
            "resource_group_name": "linux-rg",
            "reverse_fqdn": "",
            "sku": "Basic",
            "sku_tier": "Regional",
            "tags": {
              "ContactEmail": "n01603642@humber.ca",
              "Environment": "Lab",
              "Name": "Terraform-Class",
              "Project": "Learning"
            },
            "timeouts": null,
            "zones": null
          },
          "sensitive_attributes": [],
          "private": "eyJlMmJmYjczMC1lY2FhLTExZTYtOGY4OC0zNDM2M2JjN2M0YzAiOnsiY3JlYXRlIjoxODAwMDAwMDAwMDAwLCJkZWxldGUiOjE4MDAwMDAwMDAwMDAsInJlYWQiOjMwMDAwMDAwMDAwMCwidXBkYXRlIjoxODAwMDAwMDAwMDAwfX0=",
          "dependencies": [
            "module.resource_groups.azurerm_resource_group.linux-rg",
            "module.resource_groups.azurerm_resource_group.network-rg"
          ]
        },
        {
          "index_key": 1,
          "schema_version": 0,
          "attributes": {
            "allocation_method": "Dynamic",
            "ddos_protection_mode": "VirtualNetworkInherited",
            "ddos_protection_plan_id": null,
            "domain_name_label": "n01603642-c-vm2",
            "edge_zone": "",
            "fqdn": "n01603642-c-vm2.canadacentral.cloudapp.azure.com",
            "id": "/subscriptions/cc5410f6-a653-4888-8148-84d64421a390/resourceGroups/linux-rg/providers/Microsoft.Network/publicIPAddresses/n01603642-c-vm-pip2",
            "idle_timeout_in_minutes": 4,
            "ip_address": "",
            "ip_tags": null,
            "ip_version": "IPv4",
            "location": "canadacentral",
            "name": "n01603642-c-vm-pip2",
            "public_ip_prefix_id": null,
            "resource_group_name": "linux-rg",
            "reverse_fqdn": "",
            "sku": "Basic",
            "sku_tier": "Regional",
            "tags": {
              "ContactEmail": "n01603642@humber.ca",
              "Environment": "Lab",
              "Name": "Terraform-Class",
              "Project": "Learning"
            },
            "timeouts": null,
            "zones": null
          },
          "sensitive_attributes": [],
          "private": "eyJlMmJmYjczMC1lY2FhLTExZTYtOGY4OC0zNDM2M2JjN2M0YzAiOnsiY3JlYXRlIjoxODAwMDAwMDAwMDAwLCJkZWxldGUiOjE4MDAwMDAwMDAwMDAsInJlYWQiOjMwMDAwMDAwMDAwMCwidXBkYXRlIjoxODAwMDAwMDAwMDAwfX0=",
          "dependencies": [
            "module.resource_groups.azurerm_resource_group.linux-rg",
            "module.resource_groups.azurerm_resource_group.network-rg"
          ]
        }
      ]
    },
    {
      "module": "module.linux",
      "mode": "managed",
      "type": "null_resource",
      "name": "linux_provisioner",
      "provider": "provider[\"registry.terraform.io/hashicorp/null\"]",
      "instances": [
        {
          "index_key": 0,
          "schema_version": 0,
          "attributes": {
            "id": "7895382042267514134",
            "triggers": null
          },
          "sensitive_attributes": [],
          "dependencies": [
            "module.linux.azurerm_linux_virtual_machine.linux-vm",
            "module.linux.azurerm_network_interface.linux-nic",
            "module.linux.azurerm_public_ip.linux-pip",
            "module.networks.azurerm_subnet.network-subnet1",
            "module.networks.azurerm_virtual_network.network-vnet",
            "module.resource_groups.azurerm_resource_group.linux-rg",
            "module.resource_groups.azurerm_resource_group.network-rg"
          ]
        },
        {
          "index_key": 1,
          "schema_version": 0,
          "attributes": {
            "id": "5326701419104518574",
            "triggers": null
          },
          "sensitive_attributes": [],
          "dependencies": [
            "module.linux.azurerm_linux_virtual_machine.linux-vm",
            "module.linux.azurerm_network_interface.linux-nic",
            "module.linux.azurerm_public_ip.linux-pip",
            "module.networks.azurerm_subnet.network-subnet1",
            "module.networks.azurerm_virtual_network.network-vnet",
            "module.resource_groups.azurerm_resource_group.linux-rg",
            "module.resource_groups.azurerm_resource_group.network-rg"
          ]
        }
      ]
    },
    {
      "module": "module.networks",
      "mode": "managed",
      "type": "azurerm_network_security_group",
      "name": "network-nsg1",
      "provider": "provider[\"registry.terraform.io/hashicorp/azurerm\"]",
      "instances": [
        {
          "schema_version": 0,
          "attributes": {
            "id": "/subscriptions/cc5410f6-a653-4888-8148-84d64421a390/resourceGroups/network-rg/providers/Microsoft.Network/networkSecurityGroups/network-nsg1",
            "location": "canadacentral",
            "name": "network-nsg1",
            "resource_group_name": "network-rg",
            "security_rule": [
              {
                "access": "Allow",
                "description": "",
                "destination_address_prefix": "*",
                "destination_address_prefixes": [],
                "destination_application_security_group_ids": [],
                "destination_port_range": "22",
                "destination_port_ranges": [],
                "direction": "Inbound",
                "name": "rule1",
                "priority": 100,
                "protocol": "Tcp",
                "source_address_prefix": "*",
                "source_address_prefixes": [],
                "source_application_security_group_ids": [],
                "source_port_range": "*",
                "source_port_ranges": []
              }
            ],
            "tags": null,
            "timeouts": null
          },
          "sensitive_attributes": [],
          "private": "eyJlMmJmYjczMC1lY2FhLTExZTYtOGY4OC0zNDM2M2JjN2M0YzAiOnsiY3JlYXRlIjoxODAwMDAwMDAwMDAwLCJkZWxldGUiOjE4MDAwMDAwMDAwMDAsInJlYWQiOjMwMDAwMDAwMDAwMCwidXBkYXRlIjoxODAwMDAwMDAwMDAwfX0=",
          "dependencies": [
            "module.resource_groups.azurerm_resource_group.network-rg"
          ]
        }
      ]
    },
    {
      "module": "module.networks",
      "mode": "managed",
      "type": "azurerm_network_security_group",
      "name": "network-nsg2",
      "provider": "provider[\"registry.terraform.io/hashicorp/azurerm\"]",
      "instances": [
        {
          "schema_version": 0,
          "attributes": {
            "id": "/subscriptions/cc5410f6-a653-4888-8148-84d64421a390/resourceGroups/network-rg/providers/Microsoft.Network/networkSecurityGroups/network-nsg2",
            "location": "canadacentral",
            "name": "network-nsg2",
            "resource_group_name": "network-rg",
            "security_rule": [
              {
                "access": "Allow",
                "description": "",
                "destination_address_prefix": "*",
                "destination_address_prefixes": [],
                "destination_application_security_group_ids": [],
                "destination_port_range": "3389",
                "destination_port_ranges": [],
                "direction": "Inbound",
                "name": "rule1",
                "priority": 100,
                "protocol": "Tcp",
                "source_address_prefix": "*",
                "source_address_prefixes": [],
                "source_application_security_group_ids": [],
                "source_port_range": "*",
                "source_port_ranges": []
              },
              {
                "access": "Allow",
                "description": "",
                "destination_address_prefix": "*",
                "destination_address_prefixes": [],
                "destination_application_security_group_ids": [],
                "destination_port_range": "5985",
                "destination_port_ranges": [],
                "direction": "Inbound",
                "name": "rule2",
                "priority": 200,
                "protocol": "Tcp",
                "source_address_prefix": "*",
                "source_address_prefixes": [],
                "source_application_security_group_ids": [],
                "source_port_range": "*",
                "source_port_ranges": []
              }
            ],
            "tags": null,
            "timeouts": null
          },
          "sensitive_attributes": [],
          "private": "eyJlMmJmYjczMC1lY2FhLTExZTYtOGY4OC0zNDM2M2JjN2M0YzAiOnsiY3JlYXRlIjoxODAwMDAwMDAwMDAwLCJkZWxldGUiOjE4MDAwMDAwMDAwMDAsInJlYWQiOjMwMDAwMDAwMDAwMCwidXBkYXRlIjoxODAwMDAwMDAwMDAwfX0=",
          "dependencies": [
            "module.resource_groups.azurerm_resource_group.network-rg"
          ]
        }
      ]
    },
    {
      "module": "module.networks",
      "mode": "managed",
      "type": "azurerm_subnet",
      "name": "network-subnet1",
      "provider": "provider[\"registry.terraform.io/hashicorp/azurerm\"]",
      "instances": [
        {
          "schema_version": 0,
          "attributes": {
            "address_prefixes": [
              "10.0.0.0/24"
            ],
            "delegation": [],
            "enforce_private_link_endpoint_network_policies": false,
            "enforce_private_link_service_network_policies": false,
            "id": "/subscriptions/cc5410f6-a653-4888-8148-84d64421a390/resourceGroups/network-rg/providers/Microsoft.Network/virtualNetworks/network-vnet/subnets/network-subnet1",
            "name": "network-subnet1",
            "private_endpoint_network_policies_enabled": true,
            "private_link_service_network_policies_enabled": true,
            "resource_group_name": "network-rg",
            "service_endpoint_policy_ids": null,
            "service_endpoints": null,
            "timeouts": null,
            "virtual_network_name": "network-vnet"
          },
          "sensitive_attributes": [],
          "private": "eyJlMmJmYjczMC1lY2FhLTExZTYtOGY4OC0zNDM2M2JjN2M0YzAiOnsiY3JlYXRlIjoxODAwMDAwMDAwMDAwLCJkZWxldGUiOjE4MDAwMDAwMDAwMDAsInJlYWQiOjMwMDAwMDAwMDAwMCwidXBkYXRlIjoxODAwMDAwMDAwMDAwfX0=",
          "dependencies": [
            "module.networks.azurerm_virtual_network.network-vnet",
            "module.resource_groups.azurerm_resource_group.network-rg"
          ]
        }
      ]
    },
    {
      "module": "module.networks",
      "mode": "managed",
      "type": "azurerm_subnet",
      "name": "network-subnet2",
      "provider": "provider[\"registry.terraform.io/hashicorp/azurerm\"]",
      "instances": [
        {
          "schema_version": 0,
          "attributes": {
            "address_prefixes": [
              "10.0.1.0/24"
            ],
            "delegation": [],
            "enforce_private_link_endpoint_network_policies": false,
            "enforce_private_link_service_network_policies": false,
            "id": "/subscriptions/cc5410f6-a653-4888-8148-84d64421a390/resourceGroups/network-rg/providers/Microsoft.Network/virtualNetworks/network-vnet/subnets/network-subnet2",
            "name": "network-subnet2",
            "private_endpoint_network_policies_enabled": true,
            "private_link_service_network_policies_enabled": true,
            "resource_group_name": "network-rg",
            "service_endpoint_policy_ids": null,
            "service_endpoints": null,
            "timeouts": null,
            "virtual_network_name": "network-vnet"
          },
          "sensitive_attributes": [],
          "private": "eyJlMmJmYjczMC1lY2FhLTExZTYtOGY4OC0zNDM2M2JjN2M0YzAiOnsiY3JlYXRlIjoxODAwMDAwMDAwMDAwLCJkZWxldGUiOjE4MDAwMDAwMDAwMDAsInJlYWQiOjMwMDAwMDAwMDAwMCwidXBkYXRlIjoxODAwMDAwMDAwMDAwfX0=",
          "dependencies": [
            "module.networks.azurerm_virtual_network.network-vnet",
            "module.resource_groups.azurerm_resource_group.network-rg"
          ]
        }
      ]
    },
    {
      "module": "module.networks",
      "mode": "managed",
      "type": "azurerm_subnet_network_security_group_association",
      "name": "network-association1",
      "provider": "provider[\"registry.terraform.io/hashicorp/azurerm\"]",
      "instances": [
        {
          "schema_version": 0,
          "attributes": {
            "id": "/subscriptions/cc5410f6-a653-4888-8148-84d64421a390/resourceGroups/network-rg/providers/Microsoft.Network/virtualNetworks/network-vnet/subnets/network-subnet1",
            "network_security_group_id": "/subscriptions/cc5410f6-a653-4888-8148-84d64421a390/resourceGroups/network-rg/providers/Microsoft.Network/networkSecurityGroups/network-nsg1",
            "subnet_id": "/subscriptions/cc5410f6-a653-4888-8148-84d64421a390/resourceGroups/network-rg/providers/Microsoft.Network/virtualNetworks/network-vnet/subnets/network-subnet1",
            "timeouts": null
          },
          "sensitive_attributes": [],
          "private": "eyJlMmJmYjczMC1lY2FhLTExZTYtOGY4OC0zNDM2M2JjN2M0YzAiOnsiY3JlYXRlIjoxODAwMDAwMDAwMDAwLCJkZWxldGUiOjE4MDAwMDAwMDAwMDAsInJlYWQiOjMwMDAwMDAwMDAwMH19",
          "dependencies": [
            "module.networks.azurerm_network_security_group.network-nsg1",
            "module.networks.azurerm_subnet.network-subnet1",
            "module.networks.azurerm_virtual_network.network-vnet",
            "module.resource_groups.azurerm_resource_group.network-rg"
          ]
        }
      ]
    },
    {
      "module": "module.networks",
      "mode": "managed",
      "type": "azurerm_subnet_network_security_group_association",
      "name": "network-association2",
      "provider": "provider[\"registry.terraform.io/hashicorp/azurerm\"]",
      "instances": [
        {
          "schema_version": 0,
          "attributes": {
            "id": "/subscriptions/cc5410f6-a653-4888-8148-84d64421a390/resourceGroups/network-rg/providers/Microsoft.Network/virtualNetworks/network-vnet/subnets/network-subnet2",
            "network_security_group_id": "/subscriptions/cc5410f6-a653-4888-8148-84d64421a390/resourceGroups/network-rg/providers/Microsoft.Network/networkSecurityGroups/network-nsg2",
            "subnet_id": "/subscriptions/cc5410f6-a653-4888-8148-84d64421a390/resourceGroups/network-rg/providers/Microsoft.Network/virtualNetworks/network-vnet/subnets/network-subnet2",
            "timeouts": null
          },
          "sensitive_attributes": [],
          "private": "eyJlMmJmYjczMC1lY2FhLTExZTYtOGY4OC0zNDM2M2JjN2M0YzAiOnsiY3JlYXRlIjoxODAwMDAwMDAwMDAwLCJkZWxldGUiOjE4MDAwMDAwMDAwMDAsInJlYWQiOjMwMDAwMDAwMDAwMH19",
          "dependencies": [
            "module.networks.azurerm_network_security_group.network-nsg2",
            "module.networks.azurerm_subnet.network-subnet2",
            "module.networks.azurerm_virtual_network.network-vnet",
            "module.resource_groups.azurerm_resource_group.network-rg"
          ]
        }
      ]
    },
    {
      "module": "module.networks",
      "mode": "managed",
      "type": "azurerm_virtual_network",
      "name": "network-vnet",
      "provider": "provider[\"registry.terraform.io/hashicorp/azurerm\"]",
      "instances": [
        {
          "schema_version": 0,
          "attributes": {
            "address_space": [
              "10.0.0.0/16"
            ],
            "bgp_community": "",
            "ddos_protection_plan": [],
            "dns_servers": [],
            "edge_zone": "",
            "encryption": [],
            "flow_timeout_in_minutes": 0,
            "guid": "15e1cdd1-4a0d-4fb3-9463-f4be2d4166ee",
            "id": "/subscriptions/cc5410f6-a653-4888-8148-84d64421a390/resourceGroups/network-rg/providers/Microsoft.Network/virtualNetworks/network-vnet",
            "location": "canadacentral",
            "name": "network-vnet",
            "resource_group_name": "network-rg",
            "subnet": [],
            "tags": null,
            "timeouts": null
          },
          "sensitive_attributes": [],
          "private": "eyJlMmJmYjczMC1lY2FhLTExZTYtOGY4OC0zNDM2M2JjN2M0YzAiOnsiY3JlYXRlIjoxODAwMDAwMDAwMDAwLCJkZWxldGUiOjE4MDAwMDAwMDAwMDAsInJlYWQiOjMwMDAwMDAwMDAwMCwidXBkYXRlIjoxODAwMDAwMDAwMDAwfX0=",
          "dependencies": [
            "module.resource_groups.azurerm_resource_group.network-rg"
          ]
        }
      ]
    },
    {
      "module": "module.resource_groups",
      "mode": "managed",
      "type": "azurerm_resource_group",
      "name": "linux-rg",
      "provider": "provider[\"registry.terraform.io/hashicorp/azurerm\"]",
      "instances": [
        {
          "schema_version": 0,
          "attributes": {
            "id": "/subscriptions/cc5410f6-a653-4888-8148-84d64421a390/resourceGroups/linux-rg",
            "location": "canadacentral",
            "managed_by": "",
            "name": "linux-rg",
            "tags": null,
            "timeouts": null
          },
          "sensitive_attributes": [],
          "private": "eyJlMmJmYjczMC1lY2FhLTExZTYtOGY4OC0zNDM2M2JjN2M0YzAiOnsiY3JlYXRlIjo1NDAwMDAwMDAwMDAwLCJkZWxldGUiOjU0MDAwMDAwMDAwMDAsInJlYWQiOjMwMDAwMDAwMDAwMCwidXBkYXRlIjo1NDAwMDAwMDAwMDAwfX0="
        }
      ]
    },
    {
      "module": "module.resource_groups",
      "mode": "managed",
      "type": "azurerm_resource_group",
      "name": "network-rg",
      "provider": "provider[\"registry.terraform.io/hashicorp/azurerm\"]",
      "instances": [
        {
          "schema_version": 0,
          "attributes": {
            "id": "/subscriptions/cc5410f6-a653-4888-8148-84d64421a390/resourceGroups/network-rg",
            "location": "canadacentral",
            "managed_by": "",
            "name": "network-rg",
            "tags": null,
            "timeouts": null
          },
          "sensitive_attributes": [],
          "private": "eyJlMmJmYjczMC1lY2FhLTExZTYtOGY4OC0zNDM2M2JjN2M0YzAiOnsiY3JlYXRlIjo1NDAwMDAwMDAwMDAwLCJkZWxldGUiOjU0MDAwMDAwMDAwMDAsInJlYWQiOjMwMDAwMDAwMDAwMCwidXBkYXRlIjo1NDAwMDAwMDAwMDAwfX0="
        }
      ]
    },
    {
      "module": "module.resource_groups",
      "mode": "managed",
      "type": "azurerm_resource_group",
      "name": "windows-rg",
      "provider": "provider[\"registry.terraform.io/hashicorp/azurerm\"]",
      "instances": [
        {
          "schema_version": 0,
          "attributes": {
            "id": "/subscriptions/cc5410f6-a653-4888-8148-84d64421a390/resourceGroups/windows-rg",
            "location": "canadacentral",
            "managed_by": "",
            "name": "windows-rg",
            "tags": null,
            "timeouts": null
          },
          "sensitive_attributes": [],
          "private": "eyJlMmJmYjczMC1lY2FhLTExZTYtOGY4OC0zNDM2M2JjN2M0YzAiOnsiY3JlYXRlIjo1NDAwMDAwMDAwMDAwLCJkZWxldGUiOjU0MDAwMDAwMDAwMDAsInJlYWQiOjMwMDAwMDAwMDAwMCwidXBkYXRlIjo1NDAwMDAwMDAwMDAwfX0="
        }
      ]
    },
    {
      "module": "module.windows",
      "mode": "managed",
      "type": "azurerm_availability_set",
      "name": "windows_avs",
      "provider": "provider[\"registry.terraform.io/hashicorp/azurerm\"]",
      "instances": [
        {
          "schema_version": 0,
          "attributes": {
            "id": "/subscriptions/cc5410f6-a653-4888-8148-84d64421a390/resourceGroups/windows-rg/providers/Microsoft.Compute/availabilitySets/windows_avs",
            "location": "canadacentral",
            "managed": true,
            "name": "windows_avs",
            "platform_fault_domain_count": 2,
            "platform_update_domain_count": 5,
            "proximity_placement_group_id": null,
            "resource_group_name": "windows-rg",
            "tags": null,
            "timeouts": null
          },
          "sensitive_attributes": [],
          "private": "eyJlMmJmYjczMC1lY2FhLTExZTYtOGY4OC0zNDM2M2JjN2M0YzAiOnsiY3JlYXRlIjoxODAwMDAwMDAwMDAwLCJkZWxldGUiOjE4MDAwMDAwMDAwMDAsInJlYWQiOjMwMDAwMDAwMDAwMCwidXBkYXRlIjoxODAwMDAwMDAwMDAwfX0=",
          "dependencies": [
            "module.resource_groups.azurerm_resource_group.network-rg",
            "module.resource_groups.azurerm_resource_group.windows-rg"
          ]
        }
      ]
    },
    {
      "module": "module.windows",
      "mode": "managed",
      "type": "azurerm_network_interface",
      "name": "windows-nic",
      "provider": "provider[\"registry.terraform.io/hashicorp/azurerm\"]",
      "instances": [
        {
          "index_key": "n01603642-w-vm1",
          "schema_version": 0,
          "attributes": {
            "applied_dns_servers": [],
            "auxiliary_mode": "",
            "auxiliary_sku": "",
            "dns_servers": [],
            "edge_zone": "",
            "enable_accelerated_networking": false,
            "enable_ip_forwarding": false,
            "id": "/subscriptions/cc5410f6-a653-4888-8148-84d64421a390/resourceGroups/windows-rg/providers/Microsoft.Network/networkInterfaces/n01603642-w-vm1-nic",
            "internal_dns_name_label": "",
            "internal_domain_name_suffix": "0hg4cfinjkzu5fdd4s5c0qlg3g.ux.internal.cloudapp.net",
            "ip_configuration": [
              {
                "gateway_load_balancer_frontend_ip_configuration_id": "",
                "name": "n01603642-w-vm1-ipconfig",
                "primary": true,
                "private_ip_address": "10.0.1.4",
                "private_ip_address_allocation": "Dynamic",
                "private_ip_address_version": "IPv4",
                "public_ip_address_id": "/subscriptions/cc5410f6-a653-4888-8148-84d64421a390/resourceGroups/windows-rg/providers/Microsoft.Network/publicIPAddresses/n01603642-w-vm1-pip",
                "subnet_id": "/subscriptions/cc5410f6-a653-4888-8148-84d64421a390/resourceGroups/network-rg/providers/Microsoft.Network/virtualNetworks/network-vnet/subnets/network-subnet2"
              }
            ],
            "location": "canadacentral",
            "mac_address": "",
            "name": "n01603642-w-vm1-nic",
            "private_ip_address": "10.0.1.4",
            "private_ip_addresses": [
              "10.0.1.4"
            ],
            "resource_group_name": "windows-rg",
            "tags": {
              "ContactEmail": "n01603642@humber.ca",
              "Environment": "Lab",
              "Name": "Terraform-Class",
              "Project": "Learning"
            },
            "timeouts": null,
            "virtual_machine_id": ""
          },
          "sensitive_attributes": [],
          "private": "eyJlMmJmYjczMC1lY2FhLTExZTYtOGY4OC0zNDM2M2JjN2M0YzAiOnsiY3JlYXRlIjoxODAwMDAwMDAwMDAwLCJkZWxldGUiOjE4MDAwMDAwMDAwMDAsInJlYWQiOjMwMDAwMDAwMDAwMCwidXBkYXRlIjoxODAwMDAwMDAwMDAwfX0=",
          "dependencies": [
            "module.networks.azurerm_subnet.network-subnet2",
            "module.networks.azurerm_virtual_network.network-vnet",
            "module.resource_groups.azurerm_resource_group.network-rg",
            "module.resource_groups.azurerm_resource_group.windows-rg",
            "module.windows.azurerm_public_ip.windows-pip"
          ]
        }
      ]
    },
    {
      "module": "module.windows",
      "mode": "managed",
      "type": "azurerm_public_ip",
      "name": "windows-pip",
      "provider": "provider[\"registry.terraform.io/hashicorp/azurerm\"]",
      "instances": [
        {
          "index_key": "n01603642-w-vm1",
          "schema_version": 0,
          "attributes": {
            "allocation_method": "Dynamic",
            "ddos_protection_mode": "VirtualNetworkInherited",
            "ddos_protection_plan_id": null,
            "domain_name_label": "n01603642-w-vm1",
            "edge_zone": "",
            "fqdn": "n01603642-w-vm1.canadacentral.cloudapp.azure.com",
            "id": "/subscriptions/cc5410f6-a653-4888-8148-84d64421a390/resourceGroups/windows-rg/providers/Microsoft.Network/publicIPAddresses/n01603642-w-vm1-pip",
            "idle_timeout_in_minutes": 4,
            "ip_address": "",
            "ip_tags": null,
            "ip_version": "IPv4",
            "location": "canadacentral",
            "name": "n01603642-w-vm1-pip",
            "public_ip_prefix_id": null,
            "resource_group_name": "windows-rg",
            "reverse_fqdn": "",
            "sku": "Basic",
            "sku_tier": "Regional",
            "tags": {
              "ContactEmail": "n01603642@humber.ca",
              "Environment": "Lab",
              "Name": "Terraform-Class",
              "Project": "Learning"
            },
            "timeouts": null,
            "zones": null
          },
          "sensitive_attributes": [],
          "private": "eyJlMmJmYjczMC1lY2FhLTExZTYtOGY4OC0zNDM2M2JjN2M0YzAiOnsiY3JlYXRlIjoxODAwMDAwMDAwMDAwLCJkZWxldGUiOjE4MDAwMDAwMDAwMDAsInJlYWQiOjMwMDAwMDAwMDAwMCwidXBkYXRlIjoxODAwMDAwMDAwMDAwfX0=",
          "dependencies": [
            "module.resource_groups.azurerm_resource_group.network-rg",
            "module.resource_groups.azurerm_resource_group.windows-rg"
          ]
        }
      ]
    },
    {
      "module": "module.windows",
      "mode": "managed",
      "type": "azurerm_windows_virtual_machine",
      "name": "windows-vm",
      "provider": "provider[\"registry.terraform.io/hashicorp/azurerm\"]",
      "instances": [
        {
          "index_key": "n01603642-w-vm1",
          "schema_version": 0,
          "attributes": {
            "additional_capabilities": [],
            "additional_unattend_content": [],
            "admin_password": "Password@123",
            "admin_username": "admin123",
            "allow_extension_operations": true,
            "availability_set_id": "",
            "boot_diagnostics": [],
            "bypass_platform_safety_checks_on_user_schedule_enabled": false,
            "capacity_reservation_group_id": "",
            "computer_name": "n01603642-w-vm1",
            "custom_data": null,
            "dedicated_host_group_id": "",
            "dedicated_host_id": "",
            "edge_zone": "",
            "enable_automatic_updates": true,
            "encryption_at_host_enabled": false,
            "eviction_policy": "",
            "extensions_time_budget": "PT1H30M",
            "gallery_application": [],
            "hotpatching_enabled": false,
            "id": "/subscriptions/cc5410f6-a653-4888-8148-84d64421a390/resourceGroups/windows-rg/providers/Microsoft.Compute/virtualMachines/n01603642-w-vm1",
            "identity": [],
            "license_type": "",
            "location": "canadacentral",
            "max_bid_price": -1,
            "name": "n01603642-w-vm1",
            "network_interface_ids": [
              "/subscriptions/cc5410f6-a653-4888-8148-84d64421a390/resourceGroups/windows-rg/providers/Microsoft.Network/networkInterfaces/n01603642-w-vm1-nic"
            ],
            "os_disk": [
              {
                "caching": "ReadWrite",
                "diff_disk_settings": [],
                "disk_encryption_set_id": "",
                "disk_size_gb": 128,
                "name": "n01603642-w-vm1-os-disk",
                "secure_vm_disk_encryption_set_id": "",
                "security_encryption_type": "",
                "storage_account_type": "StandardSSD_LRS",
                "write_accelerator_enabled": false
              }
            ],
            "patch_assessment_mode": "ImageDefault",
            "patch_mode": "AutomaticByOS",
            "plan": [],
            "platform_fault_domain": -1,
            "priority": "Regular",
            "private_ip_address": "10.0.1.4",
            "private_ip_addresses": [
              "10.0.1.4"
            ],
            "provision_vm_agent": true,
            "proximity_placement_group_id": "",
            "public_ip_address": "52.228.18.60",
            "public_ip_addresses": [
              "52.228.18.60"
            ],
            "reboot_setting": "",
            "resource_group_name": "windows-rg",
            "secret": [],
            "secure_boot_enabled": false,
            "size": "Standard_B1s",
            "source_image_id": "",
            "source_image_reference": [
              {
                "offer": "WindowsServer",
                "publisher": "MicrosoftWindowsServer",
                "sku": "2019-Datacenter",
                "version": "latest"
              }
            ],
            "tags": {
              "ContactEmail": "n01603642@humber.ca",
              "Environment": "Lab",
              "Name": "Terraform-Class",
              "Project": "Learning"
            },
            "termination_notification": null,
            "timeouts": null,
            "timezone": "",
            "user_data": "",
            "virtual_machine_id": "9a117a75-0c81-4198-8b10-2250385f9834",
            "virtual_machine_scale_set_id": "",
            "vtpm_enabled": false,
            "winrm_listener": [
              {
                "certificate_url": "",
                "protocol": "Http"
              }
            ],
            "zone": ""
          },
          "sensitive_attributes": [],
          "private": "eyJlMmJmYjczMC1lY2FhLTExZTYtOGY4OC0zNDM2M2JjN2M0YzAiOnsiY3JlYXRlIjoyNzAwMDAwMDAwMDAwLCJkZWxldGUiOjI3MDAwMDAwMDAwMDAsInJlYWQiOjMwMDAwMDAwMDAwMCwidXBkYXRlIjoyNzAwMDAwMDAwMDAwfX0=",
          "dependencies": [
            "module.networks.azurerm_subnet.network-subnet2",
            "module.networks.azurerm_virtual_network.network-vnet",
            "module.resource_groups.azurerm_resource_group.network-rg",
            "module.resource_groups.azurerm_resource_group.windows-rg",
            "module.windows.azurerm_network_interface.windows-nic",
            "module.windows.azurerm_public_ip.windows-pip"
          ]
        }
      ]
    }
  ],
  "check_results": null
}
